
Microsoft Visual Studio Solution File, Format Version 12.00
# Visual Studio Version 16
VisualStudioVersion = 16.0.28902.138
MinimumVisualStudioVersion = 10.0.40219.1
Project("{9A19103F-16F7-4668-BE54-9A1E7A4F7556}") = "UpdatePayRoll", "UpdatePayRoll\UpdatePayRoll.csproj", "{699696E4-92A2-4359-BA98-0C55C8C30BBC}"
EndProject
Global
	GlobalSection(SolutionConfigurationPlatforms) = preSolution
		Debug|Any CPU = Debug|Any CPU
		Release|Any CPU = Release|Any CPU
	EndGlobalSection
	GlobalSection(ProjectConfigurationPlatforms) = postSolution
		{699696E4-92A2-4359-BA98-0C55C8C30BBC}.Debug|Any CPU.ActiveCfg = Debug|Any CPU
		{699696E4-92A2-4359-BA98-0C55C8C30BBC}.Debug|Any CPU.Build.0 = Debug|Any CPU
		{699696E4-92A2-4359-BA98-0C55C8C30BBC}.Release|Any CPU.ActiveCfg = Release|Any CPU
		{699696E4-92A2-4359-BA98-0C55C8C30BBC}.Release|Any CPU.Build.0 = Release|Any CPU
	EndGlobalSection
	GlobalSection(SolutionProperties) = preSolution
		HideSolutionNode = FALSE
	EndGlobalSection
	GlobalSection(ExtensibilityGlobals) = postSolution
		SolutionGuid = {A483ED71-10DE-4198-8F96-1D6850635265}
	EndGlobalSection
EndGlobal
